
Microsoft Visual Studio Solution File, Format Version 12.00
# Visual Studio Version 17
VisualStudioVersion = 17.1.32328.378
MinimumVisualStudioVersion = 10.0.40219.1
Project("{FAE04EC0-301F-11D3-BF4B-00C04F79EFBC}") = "MonCourriel", "MonCourriel.csproj", "{055B8A18-93FF-46F4-9950-03B3F30E1005}"
EndProject
Global
	GlobalSection(SolutionConfigurationPlatforms) = preSolution
		Debug|Any CPU = Debug|Any CPU
		Release|Any CPU = Release|Any CPU
	EndGlobalSection
	GlobalSection(ProjectConfigurationPlatforms) = postSolution
		{055B8A18-93FF-46F4-9950-03B3F30E1005}.Debug|Any CPU.ActiveCfg = Debug|Any CPU
		{055B8A18-93FF-46F4-9950-03B3F30E1005}.Debug|Any CPU.Build.0 = Debug|Any CPU
		{055B8A18-93FF-46F4-9950-03B3F30E1005}.Release|Any CPU.ActiveCfg = Release|Any CPU
		{055B8A18-93FF-46F4-9950-03B3F30E1005}.Release|Any CPU.Build.0 = Release|Any CPU
	EndGlobalSection
	GlobalSection(SolutionProperties) = preSolution
		HideSolutionNode = FALSE
	EndGlobalSection
	GlobalSection(ExtensibilityGlobals) = postSolution
		SolutionGuid = {30C27942-A5C1-469D-A168-2B325D2D26D4}
	EndGlobalSection
EndGlobal
